
Microsoft Visual Studio Solution File, Format Version 12.00
# Visual Studio Version 17
VisualStudioVersion = 17.9.34407.89
MinimumVisualStudioVersion = 10.0.40219.1
Project("{FAE04EC0-301F-11D3-BF4B-00C04F79EFBC}") = "Fluent.Verification.AcceptanceTests", "Fluent.Verification.AcceptanceTests\Fluent.Verification.AcceptanceTests.csproj", "{4F303DA3-B335-4925-9936-FB8BCF26CADF}"
EndProject
Global
	GlobalSection(SolutionConfigurationPlatforms) = preSolution
		Debug|Any CPU = Debug|Any CPU
		Release|Any CPU = Release|Any CPU
	EndGlobalSection
	GlobalSection(ProjectConfigurationPlatforms) = postSolution
		{4F303DA3-B335-4925-9936-FB8BCF26CADF}.Debug|Any CPU.ActiveCfg = Debug|Any CPU
		{4F303DA3-B335-4925-9936-FB8BCF26CADF}.Debug|Any CPU.Build.0 = Debug|Any CPU
		{4F303DA3-B335-4925-9936-FB8BCF26CADF}.Release|Any CPU.ActiveCfg = Release|Any CPU
		{4F303DA3-B335-4925-9936-FB8BCF26CADF}.Release|Any CPU.Build.0 = Release|Any CPU
	EndGlobalSection
	GlobalSection(SolutionProperties) = preSolution
		HideSolutionNode = FALSE
	EndGlobalSection
	GlobalSection(ExtensibilityGlobals) = postSolution
		SolutionGuid = {8216F404-4CC6-4D85-BAE6-D6E3CDDAD3EA}
	EndGlobalSection
EndGlobal
